
Microsoft Visual Studio Solution File, Format Version 12.00
# Visual Studio Version 17
VisualStudioVersion = 17.0.31903.59
MinimumVisualStudioVersion = 10.0.40219.1
Project("{FAE04EC0-301F-11D3-BF4B-00C04F79EFBC}") = "OnePoint.Api", "OnePoint.Api\OnePoint.Api.csproj", "{999DA049-B19C-42F8-93EC-88B6462A7A34}"
EndProject
Project("{FAE04EC0-301F-11D3-BF4B-00C04F79EFBC}") = "OnePoint.Tests", "..\tests\OnePoint.Tests\OnePoint.Tests.csproj", "{0AD53FEE-EB69-42F9-833F-3473E9C109B3}"
EndProject
Global
	GlobalSection(SolutionConfigurationPlatforms) = preSolution
		Debug|Any CPU = Debug|Any CPU
		Debug|x64 = Debug|x64
		Debug|x86 = Debug|x86
		Release|Any CPU = Release|Any CPU
		Release|x64 = Release|x64
		Release|x86 = Release|x86
	EndGlobalSection
	GlobalSection(ProjectConfigurationPlatforms) = postSolution
		{999DA049-B19C-42F8-93EC-88B6462A7A34}.Debug|Any CPU.ActiveCfg = Debug|Any CPU
		{999DA049-B19C-42F8-93EC-88B6462A7A34}.Debug|Any CPU.Build.0 = Debug|Any CPU
		{999DA049-B19C-42F8-93EC-88B6462A7A34}.Debug|x64.ActiveCfg = Debug|Any CPU
		{999DA049-B19C-42F8-93EC-88B6462A7A34}.Debug|x64.Build.0 = Debug|Any CPU
		{999DA049-B19C-42F8-93EC-88B6462A7A34}.Debug|x86.ActiveCfg = Debug|Any CPU
		{999DA049-B19C-42F8-93EC-88B6462A7A34}.Debug|x86.Build.0 = Debug|Any CPU
		{999DA049-B19C-42F8-93EC-88B6462A7A34}.Release|Any CPU.ActiveCfg = Release|Any CPU
		{999DA049-B19C-42F8-93EC-88B6462A7A34}.Release|Any CPU.Build.0 = Release|Any CPU
		{999DA049-B19C-42F8-93EC-88B6462A7A34}.Release|x64.ActiveCfg = Release|Any CPU
		{999DA049-B19C-42F8-93EC-88B6462A7A34}.Release|x64.Build.0 = Release|Any CPU
		{999DA049-B19C-42F8-93EC-88B6462A7A34}.Release|x86.ActiveCfg = Release|Any CPU
		{999DA049-B19C-42F8-93EC-88B6462A7A34}.Release|x86.Build.0 = Release|Any CPU
		{0AD53FEE-EB69-42F9-833F-3473E9C109B3}.Debug|Any CPU.ActiveCfg = Debug|Any CPU
		{0AD53FEE-EB69-42F9-833F-3473E9C109B3}.Debug|Any CPU.Build.0 = Debug|Any CPU
		{0AD53FEE-EB69-42F9-833F-3473E9C109B3}.Debug|x64.ActiveCfg = Debug|Any CPU
		{0AD53FEE-EB69-42F9-833F-3473E9C109B3}.Debug|x64.Build.0 = Debug|Any CPU
		{0AD53FEE-EB69-42F9-833F-3473E9C109B3}.Debug|x86.ActiveCfg = Debug|Any CPU
		{0AD53FEE-EB69-42F9-833F-3473E9C109B3}.Debug|x86.Build.0 = Debug|Any CPU
		{0AD53FEE-EB69-42F9-833F-3473E9C109B3}.Release|Any CPU.ActiveCfg = Release|Any CPU
		{0AD53FEE-EB69-42F9-833F-3473E9C109B3}.Release|Any CPU.Build.0 = Release|Any CPU
		{0AD53FEE-EB69-42F9-833F-3473E9C109B3}.Release|x64.ActiveCfg = Release|Any CPU
		{0AD53FEE-EB69-42F9-833F-3473E9C109B3}.Release|x64.Build.0 = Release|Any CPU
		{0AD53FEE-EB69-42F9-833F-3473E9C109B3}.Release|x86.ActiveCfg = Release|Any CPU
		{0AD53FEE-EB69-42F9-833F-3473E9C109B3}.Release|x86.Build.0 = Release|Any CPU
	EndGlobalSection
	GlobalSection(SolutionProperties) = preSolution
		HideSolutionNode = FALSE
	EndGlobalSection
EndGlobal
